
Microsoft Visual Studio Solution File, Format Version 12.00
Project("{FAE04EC0-301F-11D3-BF4B-00C04F79EFBC}") = "Openlet", "Openlet\Openlet.csproj", "{C1836079-E21A-4992-995B-2480582B6F96}"
EndProject
Global
	GlobalSection(SolutionConfigurationPlatforms) = preSolution
		Debug|Any CPU = Debug|Any CPU
		Release|Any CPU = Release|Any CPU
	EndGlobalSection
	GlobalSection(ProjectConfigurationPlatforms) = postSolution
		{C1836079-E21A-4992-995B-2480582B6F96}.Debug|Any CPU.ActiveCfg = Debug|Any CPU
		{C1836079-E21A-4992-995B-2480582B6F96}.Debug|Any CPU.Build.0 = Debug|Any CPU
		{C1836079-E21A-4992-995B-2480582B6F96}.Release|Any CPU.ActiveCfg = Release|Any CPU
		{C1836079-E21A-4992-995B-2480582B6F96}.Release|Any CPU.Build.0 = Release|Any CPU
	EndGlobalSection
EndGlobal
